
Microsoft Visual Studio Solution File, Format Version 12.00
Project("{FAE04EC0-301F-11D3-BF4B-00C04F79EFBC}") = "Glu-Library", "Glu-Library\Glu-Library.csproj", "{91CF3FA4-AF1F-4F1B-A216-8695A2D5F35A}"
EndProject
Global
	GlobalSection(SolutionConfigurationPlatforms) = preSolution
		Debug|Any CPU = Debug|Any CPU
		Release|Any CPU = Release|Any CPU
	EndGlobalSection
	GlobalSection(ProjectConfigurationPlatforms) = postSolution
		{91CF3FA4-AF1F-4F1B-A216-8695A2D5F35A}.Debug|Any CPU.ActiveCfg = Debug|Any CPU
		{91CF3FA4-AF1F-4F1B-A216-8695A2D5F35A}.Debug|Any CPU.Build.0 = Debug|Any CPU
		{91CF3FA4-AF1F-4F1B-A216-8695A2D5F35A}.Release|Any CPU.ActiveCfg = Release|Any CPU
		{91CF3FA4-AF1F-4F1B-A216-8695A2D5F35A}.Release|Any CPU.Build.0 = Release|Any CPU
	EndGlobalSection
EndGlobal
